
Microsoft Visual Studio Solution File, Format Version 12.00
# Visual Studio Version 16
VisualStudioVersion = 16.0.30523.141
MinimumVisualStudioVersion = 10.0.40219.1
Project("{FAE04EC0-301F-11D3-BF4B-00C04F79EFBC}") = "Lab1Web", "Lab1Web\Lab1Web.csproj", "{EC53B979-2159-43C3-BFB0-F992055AD098}"
EndProject
Global
	GlobalSection(SolutionConfigurationPlatforms) = preSolution
		Debug|Any CPU = Debug|Any CPU
		Release|Any CPU = Release|Any CPU
	EndGlobalSection
	GlobalSection(ProjectConfigurationPlatforms) = postSolution
		{EC53B979-2159-43C3-BFB0-F992055AD098}.Debug|Any CPU.ActiveCfg = Debug|Any CPU
		{EC53B979-2159-43C3-BFB0-F992055AD098}.Debug|Any CPU.Build.0 = Debug|Any CPU
		{EC53B979-2159-43C3-BFB0-F992055AD098}.Release|Any CPU.ActiveCfg = Release|Any CPU
		{EC53B979-2159-43C3-BFB0-F992055AD098}.Release|Any CPU.Build.0 = Release|Any CPU
	EndGlobalSection
	GlobalSection(SolutionProperties) = preSolution
		HideSolutionNode = FALSE
	EndGlobalSection
	GlobalSection(ExtensibilityGlobals) = postSolution
		SolutionGuid = {65D8CE97-65AE-4FC2-ACE7-B6F053B8B19E}
	EndGlobalSection
EndGlobal
